
Microsoft Visual Studio Solution File, Format Version 12.00
# Visual Studio 15
VisualStudioVersion = 15.0.28010.2016
MinimumVisualStudioVersion = 10.0.40219.1
Project("{FAE04EC0-301F-11D3-BF4B-00C04F79EFBC}") = "SerializableObjects", "SerializableObjects\SerializableObjects.csproj", "{F4DE8721-BE2A-4204-8683-3328C3FEB13A}"
EndProject
Global
	GlobalSection(SolutionConfigurationPlatforms) = preSolution
		Debug|Any CPU = Debug|Any CPU
		Release|Any CPU = Release|Any CPU
	EndGlobalSection
	GlobalSection(ProjectConfigurationPlatforms) = postSolution
		{F4DE8721-BE2A-4204-8683-3328C3FEB13A}.Debug|Any CPU.ActiveCfg = Debug|Any CPU
		{F4DE8721-BE2A-4204-8683-3328C3FEB13A}.Debug|Any CPU.Build.0 = Debug|Any CPU
		{F4DE8721-BE2A-4204-8683-3328C3FEB13A}.Release|Any CPU.ActiveCfg = Release|Any CPU
		{F4DE8721-BE2A-4204-8683-3328C3FEB13A}.Release|Any CPU.Build.0 = Release|Any CPU
	EndGlobalSection
	GlobalSection(SolutionProperties) = preSolution
		HideSolutionNode = FALSE
	EndGlobalSection
	GlobalSection(ExtensibilityGlobals) = postSolution
		SolutionGuid = {FC0FD063-61BB-4BE4-A23D-0D1DA8F070B7}
	EndGlobalSection
EndGlobal
